// !$*UTF8*$!
{
	archiveVersion = 1;
	classes = {
	};
	objectVersion = 55;
	objects = {

/* Begin PBXBuildFile section */
		5375F12B28468F9D0081005F /* AppDelegate.swift in Sources */ = {isa = PBXBuildFile; fileRef = 5375F12A28468F9D0081005F /* AppDelegate.swift */; };
		5375F12D28468F9D0081005F /* SceneDelegate.swift in Sources */ = {isa = PBXBuildFile; fileRef = 5375F12C28468F9D0081005F /* SceneDelegate.swift */; };
		5375F12F28468F9D0081005F /* ViewController.swift in Sources */ = {isa = PBXBuildFile; fileRef = 5375F12E28468F9D0081005F /* ViewController.swift */; };
		5375F13228468F9D0081005F /* Main.storyboard in Resources */ = {isa = PBXBuildFile; fileRef = 5375F13028468F9D0081005F /* Main.storyboard */; };
		5375F13428468FA10081005F /* Assets.xcassets in Resources */ = {isa = PBXBuildFile; fileRef = 5375F13328468FA10081005F /* Assets.xcassets */; };
		5375F13728468FA10081005F /* LaunchScreen.storyboard in Resources */ = {isa = PBXBuildFile; fileRef = 5375F13528468FA10081005F /* LaunchScreen.storyboard */; };
		5375F14F284694C90081005F /* RedTableViewCell.swift in Sources */ = {isa = PBXBuildFile; fileRef = 5375F14D284694C90081005F /* RedTableViewCell.swift */; };
		5375F150284694C90081005F /* RedTableViewCell.xib in Resources */ = {isa = PBXBuildFile; fileRef = 5375F14E284694C90081005F /* RedTableViewCell.xib */; };
		5375F155284694F90081005F /* BlueTableViewCell.swift in Sources */ = {isa = PBXBuildFile; fileRef = 5375F153284694F80081005F /* BlueTableViewCell.swift */; };
		5375F156284694F90081005F /* BlueTableViewCell.xib in Resources */ = {isa = PBXBuildFile; fileRef = 5375F154284694F80081005F /* BlueTableViewCell.xib */; };
		5375F1592846950A0081005F /* GreenTableViewCell.swift in Sources */ = {isa = PBXBuildFile; fileRef = 5375F1572846950A0081005F /* GreenTableViewCell.swift */; };
		5375F15A2846950A0081005F /* GreenTableViewCell.xib in Resources */ = {isa = PBXBuildFile; fileRef = 5375F1582846950A0081005F /* GreenTableViewCell.xib */; };
		5375F15D284695250081005F /* WhiteTableViewCell.swift in Sources */ = {isa = PBXBuildFile; fileRef = 5375F15B284695250081005F /* WhiteTableViewCell.swift */; };
		5375F15E284695250081005F /* WhiteTableViewCell.xib in Resources */ = {isa = PBXBuildFile; fileRef = 5375F15C284695250081005F /* WhiteTableViewCell.xib */; };
		5375F1612846977D0081005F /* Roboto-Bold.ttf in Resources */ = {isa = PBXBuildFile; fileRef = 5375F1602846977D0081005F /* Roboto-Bold.ttf */; };
		5375F1622846A2630081005F /* Roboto-Regular.ttf in Resources */ = {isa = PBXBuildFile; fileRef = 5375F15F284697580081005F /* Roboto-Regular.ttf */; };
		5375F1842846DC390081005F /* CVOwner.swift in Sources */ = {isa = PBXBuildFile; fileRef = 5375F1832846DC390081005F /* CVOwner.swift */; };
/* End PBXBuildFile section */

/* Begin PBXFileReference section */
		5375F12728468F9D0081005F /* tableView_Itea.app */ = {isa = PBXFileReference; explicitFileType = wrapper.application; includeInIndex = 0; path = tableView_Itea.app; sourceTree = BUILT_PRODUCTS_DIR; };
		5375F12A28468F9D0081005F /* AppDelegate.swift */ = {isa = PBXFileReference; lastKnownFileType = sourcecode.swift; path = AppDelegate.swift; sourceTree = "<group>"; };
		5375F12C28468F9D0081005F /* SceneDelegate.swift */ = {isa = PBXFileReference; lastKnownFileType = sourcecode.swift; path = SceneDelegate.swift; sourceTree = "<group>"; };
		5375F12E28468F9D0081005F /* ViewController.swift */ = {isa = PBXFileReference; lastKnownFileType = sourcecode.swift; path = ViewController.swift; sourceTree = "<group>"; };
		5375F13128468F9D0081005F /* Base */ = {isa = PBXFileReference; lastKnownFileType = file.storyboard; name = Base; path = Base.lproj/Main.storyboard; sourceTree = "<group>"; };
		5375F13328468FA10081005F /* Assets.xcassets */ = {isa = PBXFileReference; lastKnownFileType = folder.assetcatalog; path = Assets.xcassets; sourceTree = "<group>"; };
		5375F13628468FA10081005F /* Base */ = {isa = PBXFileReference; lastKnownFileType = file.storyboard; name = Base; path = Base.lproj/LaunchScreen.storyboard; sourceTree = "<group>"; };
		5375F13828468FA10081005F /* Info.plist */ = {isa = PBXFileReference; lastKnownFileType = text.plist.xml; path = Info.plist; sourceTree = "<group>"; };
		5375F14D284694C90081005F /* RedTableViewCell.swift */ = {isa = PBXFileReference; lastKnownFileType = sourcecode.swift; path = RedTableViewCell.swift; sourceTree = "<group>"; };
		5375F14E284694C90081005F /* RedTableViewCell.xib */ = {isa = PBXFileReference; lastKnownFileType = file.xib; path = RedTableViewCell.xib; sourceTree = "<group>"; };
		5375F153284694F80081005F /* BlueTableViewCell.swift */ = {isa = PBXFileReference; lastKnownFileType = sourcecode.swift; path = BlueTableViewCell.swift; sourceTree = "<group>"; };
		5375F154284694F80081005F /* BlueTableViewCell.xib */ = {isa = PBXFileReference; lastKnownFileType = file.xib; path = BlueTableViewCell.xib; sourceTree = "<group>"; };
		5375F1572846950A0081005F /* GreenTableViewCell.swift */ = {isa = PBXFileReference; lastKnownFileType = sourcecode.swift; path = GreenTableViewCell.swift; sourceTree = "<group>"; };
		5375F1582846950A0081005F /* GreenTableViewCell.xib */ = {isa = PBXFileReference; lastKnownFileType = file.xib; path = GreenTableViewCell.xib; sourceTree = "<group>"; };
		5375F15B284695250081005F /* WhiteTableViewCell.swift */ = {isa = PBXFileReference; lastKnownFileType = sourcecode.swift; path = WhiteTableViewCell.swift; sourceTree = "<group>"; };
		5375F15C284695250081005F /* WhiteTableViewCell.xib */ = {isa = PBXFileReference; lastKnownFileType = file.xib; path = WhiteTableViewCell.xib; sourceTree = "<group>"; };
		5375F15F284697580081005F /* Roboto-Regular.ttf */ = {isa = PBXFileReference; lastKnownFileType = file; path = "Roboto-Regular.ttf"; sourceTree = "<group>"; };
		5375F1602846977D0081005F /* Roboto-Bold.ttf */ = {isa = PBXFileReference; lastKnownFileType = file; path = "Roboto-Bold.ttf"; sourceTree = "<group>"; };
		5375F1832846DC390081005F /* CVOwner.swift */ = {isa = PBXFileReference; lastKnownFileType = sourcecode.swift; path = CVOwner.swift; sourceTree = "<group>"; };
/* End PBXFileReference section */

/* Begin PBXFrameworksBuildPhase section */
		5375F12428468F9D0081005F /* Frameworks */ = {
			isa = PBXFrameworksBuildPhase;
			buildActionMask = 2147483647;
			files = (
			);
			runOnlyForDeploymentPostprocessing = 0;
		};
/* End PBXFrameworksBuildPhase section */

/* Begin PBXGroup section */
		5375F11E28468F9D0081005F = {
			isa = PBXGroup;
			children = (
				5375F12928468F9D0081005F /* tableView_Itea */,
				5375F12828468F9D0081005F /* Products */,
			);
			sourceTree = "<group>";
		};
		5375F12828468F9D0081005F /* Products */ = {
			isa = PBXGroup;
			children = (
				5375F12728468F9D0081005F /* tableView_Itea.app */,
			);
			name = Products;
			sourceTree = "<group>";
		};
		5375F12928468F9D0081005F /* tableView_Itea */ = {
			isa = PBXGroup;
			children = (
				5375F142284691DB0081005F /* Helpers */,
				5375F1402846916A0081005F /* Models */,
				5375F13E2846911A0081005F /* Cells */,
				5375F13F284691240081005F /* Controllers */,
				5375F12A28468F9D0081005F /* AppDelegate.swift */,
				5375F12C28468F9D0081005F /* SceneDelegate.swift */,
				5375F13028468F9D0081005F /* Main.storyboard */,
				5375F13328468FA10081005F /* Assets.xcassets */,
				5375F13528468FA10081005F /* LaunchScreen.storyboard */,
				5375F13828468FA10081005F /* Info.plist */,
			);
			path = tableView_Itea;
			sourceTree = "<group>";
		};
		5375F13E2846911A0081005F /* Cells */ = {
			isa = PBXGroup;
			children = (
				5375F145284694220081005F /* RedCell */,
				5375F1462846942E0081005F /* BlueCell */,
				5375F1472846944E0081005F /* GreenCell */,
				5375F1482846945F0081005F /* WhiteCell */,
			);
			path = Cells;
			sourceTree = "<group>";
		};
		5375F13F284691240081005F /* Controllers */ = {
			isa = PBXGroup;
			children = (
				5375F12E28468F9D0081005F /* ViewController.swift */,
			);
			path = Controllers;
			sourceTree = "<group>";
		};
		5375F1402846916A0081005F /* Models */ = {
			isa = PBXGroup;
			children = (
				5375F1832846DC390081005F /* CVOwner.swift */,
			);
			path = Models;
			sourceTree = "<group>";
		};
		5375F141284691B70081005F /* Fonts */ = {
			isa = PBXGroup;
			children = (
				5375F15F284697580081005F /* Roboto-Regular.ttf */,
				5375F1602846977D0081005F /* Roboto-Bold.ttf */,
			);
			path = Fonts;
			sourceTree = "<group>";
		};
		5375F142284691DB0081005F /* Helpers */ = {
			isa = PBXGroup;
			children = (
				5375F141284691B70081005F /* Fonts */,
			);
			path = Helpers;
			sourceTree = "<group>";
		};
		5375F145284694220081005F /* RedCell */ = {
			isa = PBXGroup;
			children = (
				5375F14D284694C90081005F /* RedTableViewCell.swift */,
				5375F14E284694C90081005F /* RedTableViewCell.xib */,
			);
			path = RedCell;
			sourceTree = "<group>";
		};
		5375F1462846942E0081005F /* BlueCell */ = {
			isa = PBXGroup;
			children = (
				5375F153284694F80081005F /* BlueTableViewCell.swift */,
				5375F154284694F80081005F /* BlueTableViewCell.xib */,
			);
			path = BlueCell;
			sourceTree = "<group>";
		};
		5375F1472846944E0081005F /* GreenCell */ = {
			isa = PBXGroup;
			children = (
				5375F1572846950A0081005F /* GreenTableViewCell.swift */,
				5375F1582846950A0081005F /* GreenTableViewCell.xib */,
			);
			path = GreenCell;
			sourceTree = "<group>";
		};
		5375F1482846945F0081005F /* WhiteCell */ = {
			isa = PBXGroup;
			children = (
				5375F15B284695250081005F /* WhiteTableViewCell.swift */,
				5375F15C284695250081005F /* WhiteTableViewCell.xib */,
			);
			path = WhiteCell;
			sourceTree = "<group>";
		};
/* End PBXGroup section */

/* Begin PBXNativeTarget section */
		5375F12628468F9D0081005F /* tableView_Itea */ = {
			isa = PBXNativeTarget;
			buildConfigurationList = 5375F13B28468FA10081005F /* Build configuration list for PBXNativeTarget "tableView_Itea" */;
			buildPhases = (
				5375F12328468F9D0081005F /* Sources */,
				5375F12428468F9D0081005F /* Frameworks */,
				5375F12528468F9D0081005F /* Resources */,
			);
			buildRules = (
			);
			dependencies = (
			);
			name = tableView_Itea;
			productName = tableView_Itea;
			productReference = 5375F12728468F9D0081005F /* tableView_Itea.app */;
			productType = "com.apple.product-type.application";
		};
/* End PBXNativeTarget section */

/* Begin PBXProject section */
		5375F11F28468F9D0081005F /* Project object */ = {
			isa = PBXProject;
			attributes = {
				BuildIndependentTargetsInParallel = 1;
				LastSwiftUpdateCheck = 1300;
				LastUpgradeCheck = 1300;
				TargetAttributes = {
					5375F12628468F9D0081005F = {
						CreatedOnToolsVersion = 13.0;
					};
				};
			};
			buildConfigurationList = 5375F12228468F9D0081005F /* Build configuration list for PBXProject "tableView_Itea" */;
			compatibilityVersion = "Xcode 13.0";
			developmentRegion = en;
			hasScannedForEncodings = 0;
			knownRegions = (
				en,
				Base,
			);
			mainGroup = 5375F11E28468F9D0081005F;
			productRefGroup = 5375F12828468F9D0081005F /* Products */;
			projectDirPath = "";
			projectRoot = "";
			targets = (
				5375F12628468F9D0081005F /* tableView_Itea */,
			);
		};
/* End PBXProject section */

/* Begin PBXResourcesBuildPhase section */
		5375F12528468F9D0081005F /* Resources */ = {
			isa = PBXResourcesBuildPhase;
			buildActionMask = 2147483647;
			files = (
				5375F13728468FA10081005F /* LaunchScreen.storyboard in Resources */,
				5375F156284694F90081005F /* BlueTableViewCell.xib in Resources */,
				5375F13428468FA10081005F /* Assets.xcassets in Resources */,
				5375F15A2846950A0081005F /* GreenTableViewCell.xib in Resources */,
				5375F13228468F9D0081005F /* Main.storyboard in Resources */,
				5375F15E284695250081005F /* WhiteTableViewCell.xib in Resources */,
				5375F1622846A2630081005F /* Roboto-Regular.ttf in Resources */,
				5375F1612846977D0081005F /* Roboto-Bold.ttf in Resources */,
				5375F150284694C90081005F /* RedTableViewCell.xib in Resources */,
			);
			runOnlyForDeploymentPostprocessing = 0;
		};
/* End PBXResourcesBuildPhase section */

/* Begin PBXSourcesBuildPhase section */
		5375F12328468F9D0081005F /* Sources */ = {
			isa = PBXSourcesBuildPhase;
			buildActionMask = 2147483647;
			files = (
				5375F15D284695250081005F /* WhiteTableViewCell.swift in Sources */,
				5375F12F28468F9D0081005F /* ViewController.swift in Sources */,
				5375F12B28468F9D0081005F /* AppDelegate.swift in Sources */,
				5375F12D28468F9D0081005F /* SceneDelegate.swift in Sources */,
				5375F1842846DC390081005F /* CVOwner.swift in Sources */,
				5375F1592846950A0081005F /* GreenTableViewCell.swift in Sources */,
				5375F14F284694C90081005F /* RedTableViewCell.swift in Sources */,
				5375F155284694F90081005F /* BlueTableViewCell.swift in Sources */,
			);
			runOnlyForDeploymentPostprocessing = 0;
		};
/* End PBXSourcesBuildPhase section */

/* Begin PBXVariantGroup section */
		5375F13028468F9D0081005F /* Main.storyboard */ = {
			isa = PBXVariantGroup;
			children = (
				5375F13128468F9D0081005F /* Base */,
			);
			name = Main.storyboard;
			sourceTree = "<group>";
		};
		5375F13528468FA10081005F /* LaunchScreen.storyboard */ = {
			isa = PBXVariantGroup;
			children = (
				5375F13628468FA10081005F /* Base */,
			);
			name = LaunchScreen.storyboard;
			sourceTree = "<group>";
		};
/* End PBXVariantGroup section */

/* Begin XCBuildConfiguration section */
		5375F13928468FA10081005F /* Debug */ = {
			isa = XCBuildConfiguration;
			buildSettings = {
				ALWAYS_SEARCH_USER_PATHS = NO;
				CLANG_ANALYZER_NONNULL = YES;
				CLANG_ANALYZER_NUMBER_OBJECT_CONVERSION = YES_AGGRESSIVE;
				CLANG_CXX_LANGUAGE_STANDARD = "gnu++17";
				CLANG_CXX_LIBRARY = "libc++";
				CLANG_ENABLE_MODULES = YES;
				CLANG_ENABLE_OBJC_ARC = YES;
				CLANG_ENABLE_OBJC_WEAK = YES;
				CLANG_WARN_BLOCK_CAPTURE_AUTORELEASING = YES;
				CLANG_WARN_BOOL_CONVERSION = YES;
				CLANG_WARN_COMMA = YES;
				CLANG_WARN_CONSTANT_CONVERSION = YES;
				CLANG_WARN_DEPRECATED_OBJC_IMPLEMENTATIONS = YES;
				CLANG_WARN_DIRECT_OBJC_ISA_USAGE = YES_ERROR;
				CLANG_WARN_DOCUMENTATION_COMMENTS = YES;
				CLANG_WARN_EMPTY_BODY = YES;
				CLANG_WARN_ENUM_CONVERSION = YES;
				CLANG_WARN_INFINITE_RECURSION = YES;
				CLANG_WARN_INT_CONVERSION = YES;
				CLANG_WARN_NON_LITERAL_NULL_CONVERSION = YES;
				CLANG_WARN_OBJC_IMPLICIT_RETAIN_SELF = YES;
				CLANG_WARN_OBJC_LITERAL_CONVERSION = YES;
				CLANG_WARN_OBJC_ROOT_CLASS = YES_ERROR;
				CLANG_WARN_QUOTED_INCLUDE_IN_FRAMEWORK_HEADER = YES;
				CLANG_WARN_RANGE_LOOP_ANALYSIS = YES;
				CLANG_WARN_STRICT_PROTOTYPES = YES;
				CLANG_WARN_SUSPICIOUS_MOVE = YES;
				CLANG_WARN_UNGUARDED_AVAILABILITY = YES_AGGRESSIVE;
				CLANG_WARN_UNREACHABLE_CODE = YES;
				CLANG_WARN__DUPLICATE_METHOD_MATCH = YES;
				COPY_PHASE_STRIP = NO;
				DEBUG_INFORMATION_FORMAT = dwarf;
				ENABLE_STRICT_OBJC_MSGSEND = YES;
				ENABLE_TESTABILITY = YES;
				GCC_C_LANGUAGE_STANDARD = gnu11;
				GCC_DYNAMIC_NO_PIC = NO;
				GCC_NO_COMMON_BLOCKS = YES;
				GCC_OPTIMIZATION_LEVEL = 0;
				GCC_PREPROCESSOR_DEFINITIONS = (
					"DEBUG=1",
					"$(inherited)",
				);
				GCC_WARN_64_TO_32_BIT_CONVERSION = YES;
				GCC_WARN_ABOUT_RETURN_TYPE = YES_ERROR;
				GCC_WARN_UNDECLARED_SELECTOR = YES;
				GCC_WARN_UNINITIALIZED_AUTOS = YES_AGGRESSIVE;
				GCC_WARN_UNUSED_FUNCTION = YES;
				GCC_WARN_UNUSED_VARIABLE = YES;
				IPHONEOS_DEPLOYMENT_TARGET = 15.0;
				MTL_ENABLE_DEBUG_INFO = INCLUDE_SOURCE;
				MTL_FAST_MATH = YES;
				ONLY_ACTIVE_ARCH = YES;
				SDKROOT = iphoneos;
				SWIFT_ACTIVE_COMPILATION_CONDITIONS = DEBUG;
				SWIFT_OPTIMIZATION_LEVEL = "-Onone";
			};
			name = Debug;
		};
		5375F13A28468FA10081005F /* Release */ = {
			isa = XCBuildConfiguration;
			buildSettings = {
				ALWAYS_SEARCH_USER_PATHS = NO;
				CLANG_ANALYZER_NONNULL = YES;
				CLANG_ANALYZER_NUMBER_OBJECT_CONVERSION = YES_AGGRESSIVE;
				CLANG_CXX_LANGUAGE_STANDARD = "gnu++17";
				CLANG_CXX_LIBRARY = "libc++";
				CLANG_ENABLE_MODULES = YES;
				CLANG_ENABLE_OBJC_ARC = YES;
				CLANG_ENABLE_OBJC_WEAK = YES;
				CLANG_WARN_BLOCK_CAPTURE_AUTORELEASING = YES;
				CLANG_WARN_BOOL_CONVERSION = YES;
				CLANG_WARN_COMMA = YES;
				CLANG_WARN_CONSTANT_CONVERSION = YES;
				CLANG_WARN_DEPRECATED_OBJC_IMPLEMENTATIONS = YES;
				CLANG_WARN_DIRECT_OBJC_ISA_USAGE = YES_ERROR;
				CLANG_WARN_DOCUMENTATION_COMMENTS = YES;
				CLANG_WARN_EMPTY_BODY = YES;
				CLANG_WARN_ENUM_CONVERSION = YES;
				CLANG_WARN_INFINITE_RECURSION = YES;
				CLANG_WARN_INT_CONVERSION = YES;
				CLANG_WARN_NON_LITERAL_NULL_CONVERSION = YES;
				CLANG_WARN_OBJC_IMPLICIT_RETAIN_SELF = YES;
				CLANG_WARN_OBJC_LITERAL_CONVERSION = YES;
				CLANG_WARN_OBJC_ROOT_CLASS = YES_ERROR;
				CLANG_WARN_QUOTED_INCLUDE_IN_FRAMEWORK_HEADER = YES;
				CLANG_WARN_RANGE_LOOP_ANALYSIS = YES;
				CLANG_WARN_STRICT_PROTOTYPES = YES;
				CLANG_WARN_SUSPICIOUS_MOVE = YES;
				CLANG_WARN_UNGUARDED_AVAILABILITY = YES_AGGRESSIVE;
				CLANG_WARN_UNREACHABLE_CODE = YES;
				CLANG_WARN__DUPLICATE_METHOD_MATCH = YES;
				COPY_PHASE_STRIP = NO;
				DEBUG_INFORMATION_FORMAT = "dwarf-with-dsym";
				ENABLE_NS_ASSERTIONS = NO;
				ENABLE_STRICT_OBJC_MSGSEND = YES;
				GCC_C_LANGUAGE_STANDARD = gnu11;
				GCC_NO_COMMON_BLOCKS = YES;
				GCC_WARN_64_TO_32_BIT_CONVERSION = YES;
				GCC_WARN_ABOUT_RETURN_TYPE = YES_ERROR;
				GCC_WARN_UNDECLARED_SELECTOR = YES;
				GCC_WARN_UNINITIALIZED_AUTOS = YES_AGGRESSIVE;
				GCC_WARN_UNUSED_FUNCTION = YES;
				GCC_WARN_UNUSED_VARIABLE = YES;
				IPHONEOS_DEPLOYMENT_TARGET = 15.0;
				MTL_ENABLE_DEBUG_INFO = NO;
				MTL_FAST_MATH = YES;
				SDKROOT = iphoneos;
				SWIFT_COMPILATION_MODE = wholemodule;
				SWIFT_OPTIMIZATION_LEVEL = "-O";
				VALIDATE_PRODUCT = YES;
			};
			name = Release;
		};
		5375F13C28468FA10081005F /* Debug */ = {
			isa = XCBuildConfiguration;
			buildSettings = {
				ASSETCATALOG_COMPILER_APPICON_NAME = AppIcon;
				ASSETCATALOG_COMPILER_GLOBAL_ACCENT_COLOR_NAME = AccentColor;
				CODE_SIGN_STYLE = Automatic;
				CURRENT_PROJECT_VERSION = 1;
				GENERATE_INFOPLIST_FILE = YES;
				INFOPLIST_FILE = tableView_Itea/Info.plist;
				INFOPLIST_KEY_UIApplicationSupportsIndirectInputEvents = YES;
				INFOPLIST_KEY_UILaunchStoryboardName = LaunchScreen;
				INFOPLIST_KEY_UIMainStoryboardFile = Main;
				INFOPLIST_KEY_UISupportedInterfaceOrientations_iPad = "UIInterfaceOrientationPortrait UIInterfaceOrientationPortraitUpsideDown UIInterfaceOrientationLandscapeLeft UIInterfaceOrientationLandscapeRight";
				INFOPLIST_KEY_UISupportedInterfaceOrientations_iPhone = "UIInterfaceOrientationPortrait UIInterfaceOrientationLandscapeLeft UIInterfaceOrientationLandscapeRight";
				LD_RUNPATH_SEARCH_PATHS = (
					"$(inherited)",
					"@executable_path/Frameworks",
				);
				MARKETING_VERSION = 1.0;
				PRODUCT_BUNDLE_IDENTIFIER = "com.incrediblle.tableView-Itea";
				PRODUCT_NAME = "$(TARGET_NAME)";
				SWIFT_EMIT_LOC_STRINGS = YES;
				SWIFT_VERSION = 5.0;
				TARGETED_DEVICE_FAMILY = "1,2";
			};
			name = Debug;
		};
		5375F13D28468FA10081005F /* Release */ = {
			isa = XCBuildConfiguration;
			buildSettings = {
				ASSETCATALOG_COMPILER_APPICON_NAME = AppIcon;
				ASSETCATALOG_COMPILER_GLOBAL_ACCENT_COLOR_NAME = AccentColor;
				CODE_SIGN_STYLE = Automatic;
				CURRENT_PROJECT_VERSION = 1;
				GENERATE_INFOPLIST_FILE = YES;
				INFOPLIST_FILE = tableView_Itea/Info.plist;
				INFOPLIST_KEY_UIApplicationSupportsIndirectInputEvents = YES;
				INFOPLIST_KEY_UILaunchStoryboardName = LaunchScreen;
				INFOPLIST_KEY_UIMainStoryboardFile = Main;
				INFOPLIST_KEY_UISupportedInterfaceOrientations_iPad = "UIInterfaceOrientationPortrait UIInterfaceOrientationPortraitUpsideDown UIInterfaceOrientationLandscapeLeft UIInterfaceOrientationLandscapeRight";
				INFOPLIST_KEY_UISupportedInterfaceOrientations_iPhone = "UIInterfaceOrientationPortrait UIInterfaceOrientationLandscapeLeft UIInterfaceOrientationLandscapeRight";
				LD_RUNPATH_SEARCH_PATHS = (
					"$(inherited)",
					"@executable_path/Frameworks",
				);
				MARKETING_VERSION = 1.0;
				PRODUCT_BUNDLE_IDENTIFIER = "com.incrediblle.tableView-Itea";
				PRODUCT_NAME = "$(TARGET_NAME)";
				SWIFT_EMIT_LOC_STRINGS = YES;
				SWIFT_VERSION = 5.0;
				TARGETED_DEVICE_FAMILY = "1,2";
			};
			name = Release;
		};
/* End XCBuildConfiguration section */

/* Begin XCConfigurationList section */
		5375F12228468F9D0081005F /* Build configuration list for PBXProject "tableView_Itea" */ = {
			isa = XCConfigurationList;
			buildConfigurations = (
				5375F13928468FA10081005F /* Debug */,
				5375F13A28468FA10081005F /* Release */,
			);
			defaultConfigurationIsVisible = 0;
			defaultConfigurationName = Release;
		};
		5375F13B28468FA10081005F /* Build configuration list for PBXNativeTarget "tableView_Itea" */ = {
			isa = XCConfigurationList;
			buildConfigurations = (
				5375F13C28468FA10081005F /* Debug */,
				5375F13D28468FA10081005F /* Release */,
			);
			defaultConfigurationIsVisible = 0;
			defaultConfigurationName = Release;
		};
/* End XCConfigurationList section */
	};
	rootObject = 5375F11F28468F9D0081005F /* Project object */;
}
